
Microsoft Visual Studio Solution File, Format Version 12.00
# Visual Studio 15
VisualStudioVersion = 15.0.27428.2015
MinimumVisualStudioVersion = 10.0.40219.1
Project("{FAE04EC0-301F-11D3-BF4B-00C04F79EFBC}") = "URLdecode", "URLdecode\URLdecode.csproj", "{B5A7920C-D3C4-4B16-9A9D-9127547D4C76}"
EndProject
Project("{FAE04EC0-301F-11D3-BF4B-00C04F79EFBC}") = "ValidateURL", "ValidateURL\ValidateURL.csproj", "{04B03017-586F-41DC-A93C-24A47C4A7ACC}"
EndProject
Project("{FAE04EC0-301F-11D3-BF4B-00C04F79EFBC}") = "RequestParser", "RequestParser\RequestParser.csproj", "{7E4D2FF6-7CC2-4266-970C-068742224648}"
EndProject
Global
	GlobalSection(SolutionConfigurationPlatforms) = preSolution
		Debug|Any CPU = Debug|Any CPU
		Release|Any CPU = Release|Any CPU
	EndGlobalSection
	GlobalSection(ProjectConfigurationPlatforms) = postSolution
		{B5A7920C-D3C4-4B16-9A9D-9127547D4C76}.Debug|Any CPU.ActiveCfg = Debug|Any CPU
		{B5A7920C-D3C4-4B16-9A9D-9127547D4C76}.Debug|Any CPU.Build.0 = Debug|Any CPU
		{B5A7920C-D3C4-4B16-9A9D-9127547D4C76}.Release|Any CPU.ActiveCfg = Release|Any CPU
		{B5A7920C-D3C4-4B16-9A9D-9127547D4C76}.Release|Any CPU.Build.0 = Release|Any CPU
		{04B03017-586F-41DC-A93C-24A47C4A7ACC}.Debug|Any CPU.ActiveCfg = Debug|Any CPU
		{04B03017-586F-41DC-A93C-24A47C4A7ACC}.Debug|Any CPU.Build.0 = Debug|Any CPU
		{04B03017-586F-41DC-A93C-24A47C4A7ACC}.Release|Any CPU.ActiveCfg = Release|Any CPU
		{04B03017-586F-41DC-A93C-24A47C4A7ACC}.Release|Any CPU.Build.0 = Release|Any CPU
		{7E4D2FF6-7CC2-4266-970C-068742224648}.Debug|Any CPU.ActiveCfg = Debug|Any CPU
		{7E4D2FF6-7CC2-4266-970C-068742224648}.Debug|Any CPU.Build.0 = Debug|Any CPU
		{7E4D2FF6-7CC2-4266-970C-068742224648}.Release|Any CPU.ActiveCfg = Release|Any CPU
		{7E4D2FF6-7CC2-4266-970C-068742224648}.Release|Any CPU.Build.0 = Release|Any CPU
	EndGlobalSection
	GlobalSection(SolutionProperties) = preSolution
		HideSolutionNode = FALSE
	EndGlobalSection
	GlobalSection(ExtensibilityGlobals) = postSolution
		SolutionGuid = {0C4B78B0-A336-4541-AD38-62B5509654A2}
	EndGlobalSection
EndGlobal
